
Microsoft Visual Studio Solution File, Format Version 12.00
# Visual Studio Version 16
VisualStudioVersion = 16.0.29009.5
MinimumVisualStudioVersion = 10.0.40219.1
Project("{FAE04EC0-301F-11D3-BF4B-00C04F79EFBC}") = "Redactor", "Redactor.csproj", "{1F334ECE-82C7-4CAD-B6F2-0A3AAA0EAE54}"
EndProject
Global
	GlobalSection(SolutionConfigurationPlatforms) = preSolution
		Debug|Any CPU = Debug|Any CPU
		Release|Any CPU = Release|Any CPU
	EndGlobalSection
	GlobalSection(ProjectConfigurationPlatforms) = postSolution
		{1F334ECE-82C7-4CAD-B6F2-0A3AAA0EAE54}.Debug|Any CPU.ActiveCfg = Debug|Any CPU
		{1F334ECE-82C7-4CAD-B6F2-0A3AAA0EAE54}.Debug|Any CPU.Build.0 = Debug|Any CPU
		{1F334ECE-82C7-4CAD-B6F2-0A3AAA0EAE54}.Release|Any CPU.ActiveCfg = Release|Any CPU
		{1F334ECE-82C7-4CAD-B6F2-0A3AAA0EAE54}.Release|Any CPU.Build.0 = Release|Any CPU
	EndGlobalSection
	GlobalSection(SolutionProperties) = preSolution
		HideSolutionNode = FALSE
	EndGlobalSection
	GlobalSection(ExtensibilityGlobals) = postSolution
		SolutionGuid = {9184E669-3B32-48F1-BB6F-A8FE8B433C94}
	EndGlobalSection
EndGlobal
